# This file is autogenerated, do not edit; changes may be undone by the next 'dep ensure'.


[[projects]]
  digest = "1:8efc80bf88d71e42990777999788b0d8aeb685fd77e8c6315d0962e0fc9841bc"
  name = "github.com/go-chi/chi"
  packages = ["."]
  pruneopts = "UT"
  revision = "86f9a6e7ce9bf453eaa339b51f88f586edbccbc1"
  version = "v4.1.2"

[[projects]]
  digest = "1:45ccdb268237a61d4fb090732075fa135d359188b4ec0204d2c8749a7e8b411a"
  name = "github.com/mattn/go-oci8"
  packages = ["."]
  pruneopts = "UT"
  revision = "a0ec558daa1b8244dd2567d7e29d9497b745271d"
  version = "v0.1.0"

[solve-meta]
  analyzer-name = "dep"
  analyzer-version = 1
  input-imports = [
    "github.com/go-chi/chi",
    "github.com/mattn/go-oci8",
  ]
  solver-name = "gps-cdcl"
  solver-version = 1
